{
  "lockfileVersion": 1,
  "workspaces": {
    "": {
      "name": "create-harpia-app",
      "dependencies": {
        "@inquirer/prompts": "latest",
      },
      "devDependencies": {
        "@biomejs/biome": "latest",
        "@types/bun": "latest",
      },
      "peerDependencies": {
        "typescript": "latest",
      },
    },
  },
  "packages": {
    "@biomejs/biome": ["@biomejs/biome@2.3.6", "", { "optionalDependencies": { "@biomejs/cli-darwin-arm64": "2.3.6", "@biomejs/cli-darwin-x64": "2.3.6", "@biomejs/cli-linux-arm64": "2.3.6", "@biomejs/cli-linux-arm64-musl": "2.3.6", "@biomejs/cli-linux-x64": "2.3.6", "@biomejs/cli-linux-x64-musl": "2.3.6", "@biomejs/cli-win32-arm64": "2.3.6", "@biomejs/cli-win32-x64": "2.3.6" }, "bin": { "biome": "bin/biome" } }, "sha512-oqUhWyU6tae0MFsr/7iLe++QWRg+6jtUhlx9/0GmCWDYFFrK366sBLamNM7D9Y+c7YSynUFKr8lpEp1r6Sk7eA=="],

    "@biomejs/cli-darwin-arm64": ["@biomejs/cli-darwin-arm64@2.3.6", "", { "os": "darwin", "cpu": "arm64" }, "sha512-P4JWE5d8UayBxYe197QJwyW4ZHp0B+zvRIGCusOm1WbxmlhpAQA1zEqQuunHgSIzvyEEp4TVxiKGXNFZPg7r9Q=="],

    "@biomejs/cli-darwin-x64": ["@biomejs/cli-darwin-x64@2.3.6", "", { "os": "darwin", "cpu": "x64" }, "sha512-I4rTebj+F/L9K93IU7yTFs8nQ6EhaCOivxduRha4w4WEZK80yoZ8OAdR1F33m4yJ/NfUuTUbP/Wjs+vKjlCoWA=="],

    "@biomejs/cli-linux-arm64": ["@biomejs/cli-linux-arm64@2.3.6", "", { "os": "linux", "cpu": "arm64" }, "sha512-JjYy83eVBnvuINZiqyFO7xx72v8Srh4hsgaacSBCjC22DwM6+ZvnX1/fj8/SBiLuUOfZ8YhU2pfq2Dzakeyg1A=="],

    "@biomejs/cli-linux-arm64-musl": ["@biomejs/cli-linux-arm64-musl@2.3.6", "", { "os": "linux", "cpu": "arm64" }, "sha512-oK1NpIXIixbJ/4Tcx40cwiieqah6rRUtMGOHDeK2ToT7yUFVEvXUGRKqH0O4hqZ9tW8TcXNZKfgRH6xrsjVtGg=="],

    "@biomejs/cli-linux-x64": ["@biomejs/cli-linux-x64@2.3.6", "", { "os": "linux", "cpu": "x64" }, "sha512-ZjPXzy5yN9wusIoX+8Zp4p6cL8r0NzJCXg/4r1KLVveIPXd2jKVlqZ6ZyzEq385WwU3OX5KOwQYLQsOc788waQ=="],

    "@biomejs/cli-linux-x64-musl": ["@biomejs/cli-linux-x64-musl@2.3.6", "", { "os": "linux", "cpu": "x64" }, "sha512-QvxB8GHQeaO4FCtwJpJjCgJkbHBbWxRHUxQlod+xeaYE6gtJdSkYkuxdKAQUZEOIsec+PeaDAhW9xjzYbwmOFA=="],

    "@biomejs/cli-win32-arm64": ["@biomejs/cli-win32-arm64@2.3.6", "", { "os": "win32", "cpu": "arm64" }, "sha512-YM7hLHpwjdt8R7+O2zS1Vo2cKgqEeptiXB1tWW1rgjN5LlpZovBVKtg7zfwfRrFx3i08aNZThYpTcowpTlczug=="],

    "@biomejs/cli-win32-x64": ["@biomejs/cli-win32-x64@2.3.6", "", { "os": "win32", "cpu": "x64" }, "sha512-psgNEYgMAobY5h+QHRBVR9xvg2KocFuBKm6axZWB/aD12NWhQjiVFQUjV6wMXhlH4iT0Q9c3yK5JFRiDC/rzHA=="],

    "@inquirer/ansi": ["@inquirer/ansi@2.0.1", "", {}, "sha512-QAZUk6BBncv/XmSEZTscd8qazzjV3E0leUMrEPjxCd51QBgCKmprUGLex5DTsNtURm7LMzv+CLcd6S86xvBfYg=="],

    "@inquirer/checkbox": ["@inquirer/checkbox@5.0.1", "", { "dependencies": { "@inquirer/ansi": "^2.0.1", "@inquirer/core": "^11.0.1", "@inquirer/figures": "^2.0.1", "@inquirer/type": "^4.0.1" }, "peerDependencies": { "@types/node": ">=18" }, "optionalPeers": ["@types/node"] }, "sha512-5VPFBK8jKdsjMK3DTFOlbR0+Kkd4q0AWB7VhWQn6ppv44dr3b7PU8wSJQTC5oA0f/aGW7v/ZozQJAY9zx6PKig=="],

    "@inquirer/confirm": ["@inquirer/confirm@6.0.1", "", { "dependencies": { "@inquirer/core": "^11.0.1", "@inquirer/type": "^4.0.1" }, "peerDependencies": { "@types/node": ">=18" }, "optionalPeers": ["@types/node"] }, "sha512-wD+pM7IxLn1TdcQN12Q6wcFe5VpyCuh/I2sSmqO5KjWH2R4v+GkUToHb+PsDGobOe1MtAlXMwGNkZUPc2+L6NA=="],

    "@inquirer/core": ["@inquirer/core@11.0.1", "", { "dependencies": { "@inquirer/ansi": "^2.0.1", "@inquirer/figures": "^2.0.1", "@inquirer/type": "^4.0.1", "cli-width": "^4.1.0", "mute-stream": "^3.0.0", "signal-exit": "^4.1.0", "wrap-ansi": "^9.0.2" }, "peerDependencies": { "@types/node": ">=18" }, "optionalPeers": ["@types/node"] }, "sha512-Tpf49h50e4KYffVUCXzkx4gWMafUi3aDQDwfVAAGBNnVcXiwJIj4m2bKlZ7Kgyf6wjt1eyXH1wDGXcAokm4Ssw=="],

    "@inquirer/editor": ["@inquirer/editor@5.0.1", "", { "dependencies": { "@inquirer/core": "^11.0.1", "@inquirer/external-editor": "^2.0.1", "@inquirer/type": "^4.0.1" }, "peerDependencies": { "@types/node": ">=18" }, "optionalPeers": ["@types/node"] }, "sha512-zDKobHI7Ry++4noiV9Z5VfYgSVpPZoMApviIuGwLOMciQaP+dGzCO+1fcwI441riklRiZg4yURWyEoX0Zy2zZw=="],

    "@inquirer/expand": ["@inquirer/expand@5.0.1", "", { "dependencies": { "@inquirer/core": "^11.0.1", "@inquirer/type": "^4.0.1" }, "peerDependencies": { "@types/node": ">=18" }, "optionalPeers": ["@types/node"] }, "sha512-TBrTpAB6uZNnGQHtSEkbvJZIQ3dXZOrwqQSO9uUbwct3G2LitwBCE5YZj98MbQ5nzihzs5pRjY1K9RRLH4WgoA=="],

    "@inquirer/external-editor": ["@inquirer/external-editor@2.0.1", "", { "dependencies": { "chardet": "^2.1.1", "iconv-lite": "^0.7.0" }, "peerDependencies": { "@types/node": ">=18" }, "optionalPeers": ["@types/node"] }, "sha512-BPYWJXCAK9w6R+pb2s3WyxUz9ts9SP/LDOUwA9fu7LeuyYgojz83i0DSRwezu736BgMwz14G63Xwj70hSzHohQ=="],

    "@inquirer/figures": ["@inquirer/figures@2.0.1", "", {}, "sha512-KtMxyjLCuDFqAWHmCY9qMtsZ09HnjMsm8H3OvpSIpfhHdfw3/AiGWHNrfRwbyvHPtOJpumm8wGn5fkhtvkWRsg=="],

    "@inquirer/input": ["@inquirer/input@5.0.1", "", { "dependencies": { "@inquirer/core": "^11.0.1", "@inquirer/type": "^4.0.1" }, "peerDependencies": { "@types/node": ">=18" }, "optionalPeers": ["@types/node"] }, "sha512-cEhEUohCpE2BCuLKtFFZGp4Ief05SEcqeAOq9NxzN5ThOQP8Rl5N/Nt9VEDORK1bRb2Sk/zoOyQYfysPQwyQtA=="],

    "@inquirer/number": ["@inquirer/number@4.0.1", "", { "dependencies": { "@inquirer/core": "^11.0.1", "@inquirer/type": "^4.0.1" }, "peerDependencies": { "@types/node": ">=18" }, "optionalPeers": ["@types/node"] }, "sha512-4//zgBGHe8Q/FfCoUXZUrUHyK/q5dyqiwsePz3oSSPSmw1Ijo35ZkjaftnxroygcUlLYfXqm+0q08lnB5hd49A=="],

    "@inquirer/password": ["@inquirer/password@5.0.1", "", { "dependencies": { "@inquirer/ansi": "^2.0.1", "@inquirer/core": "^11.0.1", "@inquirer/type": "^4.0.1" }, "peerDependencies": { "@types/node": ">=18" }, "optionalPeers": ["@types/node"] }, "sha512-UJudHpd7Ia30Q+x+ctYqI9Nh6SyEkaBscpa7J6Ts38oc1CNSws0I1hJEdxbQBlxQd65z5GEJPM4EtNf6tzfWaQ=="],

    "@inquirer/prompts": ["@inquirer/prompts@8.0.1", "", { "dependencies": { "@inquirer/checkbox": "^5.0.1", "@inquirer/confirm": "^6.0.1", "@inquirer/editor": "^5.0.1", "@inquirer/expand": "^5.0.1", "@inquirer/input": "^5.0.1", "@inquirer/number": "^4.0.1", "@inquirer/password": "^5.0.1", "@inquirer/rawlist": "^5.0.1", "@inquirer/search": "^4.0.1", "@inquirer/select": "^5.0.1" }, "peerDependencies": { "@types/node": ">=18" }, "optionalPeers": ["@types/node"] }, "sha512-MURRu/cyvLm9vchDDaVZ9u4p+ADnY0Mz3LQr0KTgihrrvuKZlqcWwlBC4lkOMvd0KKX4Wz7Ww9+uA7qEpQaqjg=="],

    "@inquirer/rawlist": ["@inquirer/rawlist@5.0.1", "", { "dependencies": { "@inquirer/core": "^11.0.1", "@inquirer/type": "^4.0.1" }, "peerDependencies": { "@types/node": ">=18" }, "optionalPeers": ["@types/node"] }, "sha512-vVfVHKUgH6rZmMlyd0jOuGZo0Fw1jfcOqZF96lMwlgavx7g0x7MICe316bV01EEoI+c68vMdbkTTawuw3O+Fgw=="],

    "@inquirer/search": ["@inquirer/search@4.0.1", "", { "dependencies": { "@inquirer/core": "^11.0.1", "@inquirer/figures": "^2.0.1", "@inquirer/type": "^4.0.1" }, "peerDependencies": { "@types/node": ">=18" }, "optionalPeers": ["@types/node"] }, "sha512-XwiaK5xBvr31STX6Ji8iS3HCRysBXfL/jUbTzufdWTS6LTGtvDQA50oVETt1BJgjKyQBp9vt0VU6AmU/AnOaGA=="],

    "@inquirer/select": ["@inquirer/select@5.0.1", "", { "dependencies": { "@inquirer/ansi": "^2.0.1", "@inquirer/core": "^11.0.1", "@inquirer/figures": "^2.0.1", "@inquirer/type": "^4.0.1" }, "peerDependencies": { "@types/node": ">=18" }, "optionalPeers": ["@types/node"] }, "sha512-gPByrgYoezGyKMq5KjV7Tuy1JU2ArIy6/sI8sprw0OpXope3VGQwP5FK1KD4eFFqEhKu470Dwe6/AyDPmGRA0Q=="],

    "@inquirer/type": ["@inquirer/type@4.0.1", "", { "peerDependencies": { "@types/node": ">=18" }, "optionalPeers": ["@types/node"] }, "sha512-odO8YwoQAw/eVu/PSPsDDVPmqO77r/Mq7zcoF5VduVqIu2wSRWUgmYb5K9WH1no0SjLnOe8MDKtDL++z6mfo2g=="],

    "@types/bun": ["@types/bun@1.3.2", "", { "dependencies": { "bun-types": "1.3.2" } }, "sha512-t15P7k5UIgHKkxwnMNkJbWlh/617rkDGEdSsDbu+qNHTaz9SKf7aC8fiIlUdD5RPpH6GEkP0cK7WlvmrEBRtWg=="],

    "@types/node": ["@types/node@22.13.9", "", { "dependencies": { "undici-types": "~6.20.0" } }, "sha512-acBjXdRJ3A6Pb3tqnw9HZmyR3Fiol3aGxRCK1x3d+6CDAMjl7I649wpSd+yNURCjbOUGu9tqtLKnTGxmK6CyGw=="],

    "@types/react": ["@types/react@19.2.2", "", { "dependencies": { "csstype": "^3.0.2" } }, "sha512-6mDvHUFSjyT2B2yeNx2nUgMxh9LtOWvkhIU3uePn2I2oyNymUAX1NIsdgviM4CH+JSrp2D2hsMvJOkxY+0wNRA=="],

    "ansi-regex": ["ansi-regex@6.2.2", "", {}, "sha512-Bq3SmSpyFHaWjPk8If9yc6svM8c56dB5BAtW4Qbw5jHTwwXXcTLoRMkpDJp6VL0XzlWaCHTXrkFURMYmD0sLqg=="],

    "ansi-styles": ["ansi-styles@6.2.3", "", {}, "sha512-4Dj6M28JB+oAH8kFkTLUo+a2jwOFkuqb3yucU0CANcRRUbxS0cP0nZYCGjcc3BNXwRIsUVmDGgzawme7zvJHvg=="],

    "bun-types": ["bun-types@1.3.2", "", { "dependencies": { "@types/node": "*" }, "peerDependencies": { "@types/react": "^19" } }, "sha512-i/Gln4tbzKNuxP70OWhJRZz1MRfvqExowP7U6JKoI8cntFrtxg7RJK3jvz7wQW54UuvNC8tbKHHri5fy74FVqg=="],

    "chardet": ["chardet@2.1.1", "", {}, "sha512-PsezH1rqdV9VvyNhxxOW32/d75r01NY7TQCmOqomRo15ZSOKbpTFVsfjghxo6JloQUCGnH4k1LGu0R4yCLlWQQ=="],

    "cli-width": ["cli-width@4.1.0", "", {}, "sha512-ouuZd4/dm2Sw5Gmqy6bGyNNNe1qt9RpmxveLSO7KcgsTnU7RXfsw+/bukWGo1abgBiMAic068rclZsO4IWmmxQ=="],

    "csstype": ["csstype@3.1.3", "", {}, "sha512-M1uQkMl8rQK/szD0LNhtqxIPLpimGm8sOBwU7lLnCpSbTyY3yeU1Vc7l4KT5zT4s/yOxHH5O7tIuuLOCnLADRw=="],

    "emoji-regex": ["emoji-regex@10.6.0", "", {}, "sha512-toUI84YS5YmxW219erniWD0CIVOo46xGKColeNQRgOzDorgBi1v4D71/OFzgD9GO2UGKIv1C3Sp8DAn0+j5w7A=="],

    "get-east-asian-width": ["get-east-asian-width@1.4.0", "", {}, "sha512-QZjmEOC+IT1uk6Rx0sX22V6uHWVwbdbxf1faPqJ1QhLdGgsRGCZoyaQBm/piRdJy/D2um6hM1UP7ZEeQ4EkP+Q=="],

    "iconv-lite": ["iconv-lite@0.7.0", "", { "dependencies": { "safer-buffer": ">= 2.1.2 < 3.0.0" } }, "sha512-cf6L2Ds3h57VVmkZe+Pn+5APsT7FpqJtEhhieDCvrE2MK5Qk9MyffgQyuxQTm6BChfeZNtcOLHp9IcWRVcIcBQ=="],

    "mute-stream": ["mute-stream@3.0.0", "", {}, "sha512-dkEJPVvun4FryqBmZ5KhDo0K9iDXAwn08tMLDinNdRBNPcYEDiWYysLcc6k3mjTMlbP9KyylvRpd4wFtwrT9rw=="],

    "safer-buffer": ["safer-buffer@2.1.2", "", {}, "sha512-YZo3K82SD7Riyi0E1EQPojLz7kpepnSQI9IyPbHHg1XXXevb5dJI7tpyN2ADxGcQbHG7vcyRHk0cbwqcQriUtg=="],

    "signal-exit": ["signal-exit@4.1.0", "", {}, "sha512-bzyZ1e88w9O1iNJbKnOlvYTrWPDl46O1bG0D3XInv+9tkPrxrN8jUUTiFlDkkmKWgn1M6CfIA13SuGqOa9Korw=="],

    "string-width": ["string-width@7.2.0", "", { "dependencies": { "emoji-regex": "^10.3.0", "get-east-asian-width": "^1.0.0", "strip-ansi": "^7.1.0" } }, "sha512-tsaTIkKW9b4N+AEj+SVA+WhJzV7/zMhcSu78mLKWSk7cXMOSHsBKFWUs0fWwq8QyK3MgJBQRX6Gbi4kYbdvGkQ=="],

    "strip-ansi": ["strip-ansi@7.1.2", "", { "dependencies": { "ansi-regex": "^6.0.1" } }, "sha512-gmBGslpoQJtgnMAvOVqGZpEz9dyoKTCzy2nfz/n8aIFhN/jCE/rCmcxabB6jOOHV+0WNnylOxaxBQPSvcWklhA=="],

    "typescript": ["typescript@5.9.3", "", { "bin": { "tsc": "bin/tsc", "tsserver": "bin/tsserver" } }, "sha512-jl1vZzPDinLr9eUt3J/t7V6FgNEw9QjvBPdysz9KfQDD41fQrC2Y4vKQdiaUpFT4bXlb1RHhLpp8wtm6M5TgSw=="],

    "undici-types": ["undici-types@6.20.0", "", {}, "sha512-Ny6QZ2Nju20vw1SRHe3d9jVu6gJ+4e3+MMpqu7pqE5HT6WsTSlce++GQmK5UXS8mzV8DSYHrQH+Xrf2jVcuKNg=="],

    "wrap-ansi": ["wrap-ansi@9.0.2", "", { "dependencies": { "ansi-styles": "^6.2.1", "string-width": "^7.0.0", "strip-ansi": "^7.1.0" } }, "sha512-42AtmgqjV+X1VpdOfyTGOYRi0/zsoLqtXQckTmqTeybT+BDIbM/Guxo7x3pE2vtpr1ok6xRqM9OpBe+Jyoqyww=="],
  }
}
